
Microsoft Visual Studio Solution File, Format Version 12.00
# Visual Studio Version 17
VisualStudioVersion = 17.4.33403.182
MinimumVisualStudioVersion = 10.0.40219.1
Project("{9A19103F-16F7-4668-BE54-9A1E7A4F7556}") = "Entities", "Entities\Entities.csproj", "{22B617C0-3C95-46E5-B670-0B207A5D74DF}"
EndProject
Project("{2150E333-8FDC-42A3-9474-1A3956D46DE8}") = "1 - Apis", "1 - Apis", "{F6070130-D472-41DB-A343-AFCCA5195120}"
EndProject
Project("{2150E333-8FDC-42A3-9474-1A3956D46DE8}") = "2 - Domain", "2 - Domain", "{0102307E-8F11-4BA8-86AD-556487B83029}"
EndProject
Project("{2150E333-8FDC-42A3-9474-1A3956D46DE8}") = "3 - Infra", "3 - Infra", "{BBF05A96-A2D3-468A-A1B9-02129CA31D6D}"
EndProject
Project("{2150E333-8FDC-42A3-9474-1A3956D46DE8}") = "4 - Entities", "4 - Entities", "{58A96017-9952-417D-939F-F346A3370EF8}"
EndProject
Project("{2150E333-8FDC-42A3-9474-1A3956D46DE8}") = "5 - Teste", "5 - Teste", "{F730F706-A4E2-4861-B310-742DA6C4707A}"
EndProject
Project("{FAE04EC0-301F-11D3-BF4B-00C04F79EFBC}") = "InfraEstrutura", "InfraEstrutura\InfraEstrutura.csproj", "{7D909472-F5D2-4FD3-BD16-C737C304C9D9}"
EndProject
Project("{FAE04EC0-301F-11D3-BF4B-00C04F79EFBC}") = "Domain", "Domain\Domain.csproj", "{D7E941D3-415A-4242-BF2A-FEB622A19713}"
EndProject
Global
	GlobalSection(SolutionConfigurationPlatforms) = preSolution
		Debug|Any CPU = Debug|Any CPU
		Release|Any CPU = Release|Any CPU
	EndGlobalSection
	GlobalSection(ProjectConfigurationPlatforms) = postSolution
		{22B617C0-3C95-46E5-B670-0B207A5D74DF}.Debug|Any CPU.ActiveCfg = Debug|Any CPU
		{22B617C0-3C95-46E5-B670-0B207A5D74DF}.Debug|Any CPU.Build.0 = Debug|Any CPU
		{22B617C0-3C95-46E5-B670-0B207A5D74DF}.Release|Any CPU.ActiveCfg = Release|Any CPU
		{22B617C0-3C95-46E5-B670-0B207A5D74DF}.Release|Any CPU.Build.0 = Release|Any CPU
		{7D909472-F5D2-4FD3-BD16-C737C304C9D9}.Debug|Any CPU.ActiveCfg = Debug|Any CPU
		{7D909472-F5D2-4FD3-BD16-C737C304C9D9}.Debug|Any CPU.Build.0 = Debug|Any CPU
		{7D909472-F5D2-4FD3-BD16-C737C304C9D9}.Release|Any CPU.ActiveCfg = Release|Any CPU
		{7D909472-F5D2-4FD3-BD16-C737C304C9D9}.Release|Any CPU.Build.0 = Release|Any CPU
		{D7E941D3-415A-4242-BF2A-FEB622A19713}.Debug|Any CPU.ActiveCfg = Debug|Any CPU
		{D7E941D3-415A-4242-BF2A-FEB622A19713}.Debug|Any CPU.Build.0 = Debug|Any CPU
		{D7E941D3-415A-4242-BF2A-FEB622A19713}.Release|Any CPU.ActiveCfg = Release|Any CPU
		{D7E941D3-415A-4242-BF2A-FEB622A19713}.Release|Any CPU.Build.0 = Release|Any CPU
	EndGlobalSection
	GlobalSection(SolutionProperties) = preSolution
		HideSolutionNode = FALSE
	EndGlobalSection
	GlobalSection(NestedProjects) = preSolution
		{22B617C0-3C95-46E5-B670-0B207A5D74DF} = {58A96017-9952-417D-939F-F346A3370EF8}
		{7D909472-F5D2-4FD3-BD16-C737C304C9D9} = {BBF05A96-A2D3-468A-A1B9-02129CA31D6D}
		{D7E941D3-415A-4242-BF2A-FEB622A19713} = {0102307E-8F11-4BA8-86AD-556487B83029}
	EndGlobalSection
	GlobalSection(ExtensibilityGlobals) = postSolution
		SolutionGuid = {804AD09C-4DC0-4C17-92A6-C727AF07C379}
	EndGlobalSection
EndGlobal
